
Microsoft Visual Studio Solution File, Format Version 12.00
# Visual Studio Version 16
VisualStudioVersion = 16.0.30114.105
MinimumVisualStudioVersion = 10.0.40219.1
Project("{2150E333-8FDC-42A3-9474-1A3956D46DE8}") = "src", "src", "{C15AA533-25EA-4F8C-8BB9-FFFCCFCC441D}"
EndProject
Project("{FAE04EC0-301F-11D3-BF4B-00C04F79EFBC}") = "SimpleApi", "src\SimpleApi\SimpleApi.csproj", "{AA2157C7-24E4-406F-88B4-5EA90ECD1353}"
EndProject
Project("{2150E333-8FDC-42A3-9474-1A3956D46DE8}") = "test", "test", "{5D2484DE-7420-4386-827E-BCFC218F57AE}"
EndProject
Project("{FAE04EC0-301F-11D3-BF4B-00C04F79EFBC}") = "SimpleApi.Test", "test\SimpleApi.Test\SimpleApi.Test.csproj", "{4FECE7D0-2B3D-4C55-A8FA-73ACCC8EBC1A}"
EndProject
Global
	GlobalSection(SolutionConfigurationPlatforms) = preSolution
		Debug|Any CPU = Debug|Any CPU
		Release|Any CPU = Release|Any CPU
	EndGlobalSection
	GlobalSection(SolutionProperties) = preSolution
		HideSolutionNode = FALSE
	EndGlobalSection
	GlobalSection(ProjectConfigurationPlatforms) = postSolution
		{AA2157C7-24E4-406F-88B4-5EA90ECD1353}.Debug|Any CPU.ActiveCfg = Debug|Any CPU
		{AA2157C7-24E4-406F-88B4-5EA90ECD1353}.Debug|Any CPU.Build.0 = Debug|Any CPU
		{AA2157C7-24E4-406F-88B4-5EA90ECD1353}.Release|Any CPU.ActiveCfg = Release|Any CPU
		{AA2157C7-24E4-406F-88B4-5EA90ECD1353}.Release|Any CPU.Build.0 = Release|Any CPU
		{4FECE7D0-2B3D-4C55-A8FA-73ACCC8EBC1A}.Debug|Any CPU.ActiveCfg = Debug|Any CPU
		{4FECE7D0-2B3D-4C55-A8FA-73ACCC8EBC1A}.Debug|Any CPU.Build.0 = Debug|Any CPU
		{4FECE7D0-2B3D-4C55-A8FA-73ACCC8EBC1A}.Release|Any CPU.ActiveCfg = Release|Any CPU
		{4FECE7D0-2B3D-4C55-A8FA-73ACCC8EBC1A}.Release|Any CPU.Build.0 = Release|Any CPU
	EndGlobalSection
	GlobalSection(NestedProjects) = preSolution
		{AA2157C7-24E4-406F-88B4-5EA90ECD1353} = {C15AA533-25EA-4F8C-8BB9-FFFCCFCC441D}
		{4FECE7D0-2B3D-4C55-A8FA-73ACCC8EBC1A} = {5D2484DE-7420-4386-827E-BCFC218F57AE}
	EndGlobalSection
EndGlobal
